{
  "name": "slothie",
  "version": "0.0.0",
  "lockfileVersion": 1,
  "dependencies": {
    "dotenv": {
      "version": "4.0.0",
      "resolved": "https://registry.npmjs.org/dotenv/-/dotenv-4.0.0.tgz",
      "integrity": "sha1-hk7xN5rO1Vzm+V3r7NzhefegzR0="
    },
    "fs-readdir-recursive": {
      "version": "1.0.0",
      "resolved": "https://registry.npmjs.org/fs-readdir-recursive/-/fs-readdir-recursive-1.0.0.tgz",
      "integrity": "sha1-jNF0XItPiinIyuw5JHaSG6GV9WA="
    },
    "readline": {
      "version": "1.3.0",
      "resolved": "https://registry.npmjs.org/readline/-/readline-1.3.0.tgz",
      "integrity": "sha1-xYDXfvLPyHUrEySYBg3JeTp6wBw="
    },
    "rivescript": {
      "version": "1.17.2",
      "resolved": "https://registry.npmjs.org/rivescript/-/rivescript-1.17.2.tgz",
      "integrity": "sha1-HkLwIEE76b6KeFRvJkK+iWWwls4="
    },
    "rsvp": {
      "version": "3.5.0",
      "resolved": "https://registry.npmjs.org/rsvp/-/rsvp-3.5.0.tgz",
      "integrity": "sha1-pixXOkrk4d/QaX68YkLnnGgeqjQ="
    }
  }
}
